# This file is automatically @generated by Cargo.
# It is not intended for manual editing.
version = 4

[[package]]
name = "adler2"
version = "2.0.1"
source = "registry+https://github.com/rust-lang/crates.io-index"
checksum = "320119579fcad9c21884f5c4861d16174d0e06250625266f50fe6898340abefa"

[[package]]
name = "aho-corasick"
version = "1.1.4"
source = "registry+https://github.com/rust-lang/crates.io-index"
checksum = "ddd31a130427c27518df266943a5308ed92d4b226cc639f5a8f1002816174301"
dependencies = [
 "memchr",
]

[[package]]
name = "align-data"
version = "0.1.0"
source = "registry+https://github.com/rust-lang/crates.io-index"
checksum = "1926655ba000b19e21f0402be09a1d52d318c8a8a68622870bfb7af2a71315cd"

[[package]]
name = "allocator-api2"
version = "0.2.21"
source = "registry+https://github.com/rust-lang/crates.io-index"
checksum = "683d7910e743518b0e34f1186f92494becacb047c7b6bf616c96772180fef923"

[[package]]
name = "anyhow"
version = "1.0.104"
source = "registry+https://github.com/rust-lang/crates.io-index"
checksum = "330a5ed07fa54e4702c9d6c4174f74427fc0ef6e214bbd677ae50a5099946470"

[[package]]
name = "autocfg"
version = "1.5.1"
source = "registry+https://github.com/rust-lang/crates.io-index"
checksum = "f2032f911046de80f0a198e0901378627c33f59ea0ac00e363d481118bd70a53"

[[package]]
name = "base64"
version = "0.22.1"
source = "registry+https://github.com/rust-lang/crates.io-index"
checksum = "72b3254f16251a8381aa12e40e3c4d2f0199f8c6508fbecb9d91f575e0fbb8c6"

[[package]]
name = "base64-simd"
version = "0.8.0"
source = "registry+https://github.com/rust-lang/crates.io-index"
checksum = "339abbe78e73178762e23bea9dfd08e697eb3f3301cd4be981c0f78ba5859195"
dependencies = [
 "outref",
 "vsimd",
]

[[package]]
name = "bindgen"
version = "0.70.1"
source = "registry+https://github.com/rust-lang/crates.io-index"
checksum = "f49d8fed880d473ea71efb9bf597651e77201bdd4893efe54c9e5d65ae04ce6f"
dependencies = [
 "bitflags",
 "cexpr",
 "clang-sys",
 "itertools 0.13.0",
 "log",
 "prettyplease",
 "proc-macro2",
 "quote",
 "regex",
 "rustc-hash 1.1.0",
 "shlex 1.3.0",
 "syn 2.0.118",
]

[[package]]
name = "bitflags"
version = "2.13.0"
source = "registry+https://github.com/rust-lang/crates.io-index"
checksum = "b4388bee8683e3d04af747c73422af53102d2bd24d9eadb6cbc100baef4b43f8"

[[package]]
name = "block-buffer"
version = "0.10.4"
source = "registry+https://github.com/rust-lang/crates.io-index"
checksum = "3078c7629b62d3f0439517fa394996acacc5cbc91c5a20d8c658e77abd503a71"
dependencies = [
 "generic-array",
]

[[package]]
name = "bumpalo"
version = "3.19.0"
source = "registry+https://github.com/rust-lang/crates.io-index"
checksum = "46c5e41b57b8bba42a04676d81cb89e9ee8e859a1a66f80a5a72e1cb76b34d43"
dependencies = [
 "allocator-api2",
]

[[package]]
name = "bytes"
version = "1.12.0"
source = "registry+https://github.com/rust-lang/crates.io-index"
checksum = "8ae3f5d315924270530207e2a68396c3cc547f6dca3fbdca317cfb1a51edb593"

[[package]]
name = "calendrical_calculations"
version = "0.2.4"
source = "registry+https://github.com/rust-lang/crates.io-index"
checksum = "5abbd6eeda6885048d357edc66748eea6e0268e3dd11f326fff5bd248d779c26"
dependencies = [
 "core_maths",
 "displaydoc",
]

[[package]]
name = "castaway"
version = "0.2.4"
source = "registry+https://github.com/rust-lang/crates.io-index"
checksum = "dec551ab6e7578819132c713a93c022a05d60159dc86e7a7050223577484c55a"
dependencies = [
 "rustversion",
]

[[package]]
name = "cc"
version = "1.2.65"
source = "registry+https://github.com/rust-lang/crates.io-index"
checksum = "e228eec9be7c17ccb640b59b36a5cd805ea2a564a4c5e162c2f659fea30d3b96"
dependencies = [
 "find-msvc-tools",
 "shlex 2.0.1",
]

[[package]]
name = "cexpr"
version = "0.6.0"
source = "registry+https://github.com/rust-lang/crates.io-index"
checksum = "6fac387a98bb7c37292057cffc56d62ecb629900026402633ae9160df93a8766"
dependencies = [
 "nom",
]

[[package]]
name = "cfg-if"
version = "1.0.4"
source = "registry+https://github.com/rust-lang/crates.io-index"
checksum = "9330f8b2ff13f34540b44e946ef35111825727b38d33286ef986142615121801"

[[package]]
name = "clang-sys"
version = "1.8.1"
source = "registry+https://github.com/rust-lang/crates.io-index"
checksum = "0b023947811758c97c59bf9d1c188fd619ad4718dcaa767947df1cadb14f39f4"
dependencies = [
 "glob",
 "libc",
 "libloading",
]

[[package]]
name = "cobs"
version = "0.3.0"
source = "registry+https://github.com/rust-lang/crates.io-index"
checksum = "0fa961b519f0b462e3a3b4a34b64d119eeaca1d59af726fe450bbba07a9fc0a1"
dependencies = [
 "thiserror",
]

[[package]]
name = "compact_str"
version = "0.9.1"
source = "registry+https://github.com/rust-lang/crates.io-index"
checksum = "9dfdd1c2274d9aa354115b09dc9a901d6c5576818cdf70d14cae2bdb47df00ab"
dependencies = [
 "castaway",
 "cfg-if",
 "itoa",
 "rustversion",
 "ryu",
 "static_assertions",
]

[[package]]
name = "core_maths"
version = "0.1.1"
source = "registry+https://github.com/rust-lang/crates.io-index"
checksum = "77745e017f5edba1a9c1d854f6f3a52dac8a12dd5af5d2f54aecf61e43d80d30"
dependencies = [
 "libm",
]

[[package]]
name = "cow-utils"
version = "0.1.3"
source = "registry+https://github.com/rust-lang/crates.io-index"
checksum = "417bef24afe1460300965a25ff4a24b8b45ad011948302ec221e8a0a81eb2c79"

[[package]]
name = "cpufeatures"
version = "0.2.17"
source = "registry+https://github.com/rust-lang/crates.io-index"
checksum = "59ed5838eebb26a2bb2e58f6d5b5316989ae9d08bab10e0e6d103e656d1b0280"
dependencies = [
 "libc",
]

[[package]]
name = "crc32fast"
version = "1.5.0"
source = "registry+https://github.com/rust-lang/crates.io-index"
checksum = "9481c1c90cbf2ac953f07c8d4a58aa3945c425b7185c9154d67a65e4230da511"
dependencies = [
 "cfg-if",
]

[[package]]
name = "crypto-common"
version = "0.1.7"
source = "registry+https://github.com/rust-lang/crates.io-index"
checksum = "78c8292055d1c1df0cce5d180393dc8cce0abec0a7102adb6c7b1eef6016d60a"
dependencies = [
 "generic-array",
 "typenum",
]

[[package]]
name = "digest"
version = "0.10.7"
source = "registry+https://github.com/rust-lang/crates.io-index"
checksum = "9ed9a281f7bc9b7576e61468ba615a66a5c8cfdff42420a70aa82701a3b1e292"
dependencies = [
 "block-buffer",
 "crypto-common",
]

[[package]]
name = "diplomat"
version = "0.15.0"
source = "registry+https://github.com/rust-lang/crates.io-index"
checksum = "7935649d00000f5c5d735448ad3dc07b9738160727017914cf42138b8e8e6611"
dependencies = [
 "diplomat_core",
 "proc-macro2",
 "quote",
 "syn 2.0.118",
]

[[package]]
name = "diplomat-runtime"
version = "0.15.1"
source = "registry+https://github.com/rust-lang/crates.io-index"
checksum = "970ac38ad677632efcee6d517e783958da9bc78ec206d8d5e35b459ffc5e4864"

[[package]]
name = "diplomat_core"
version = "0.15.0"
source = "registry+https://github.com/rust-lang/crates.io-index"
checksum = "9cf41b94101a4bce993febaf0098092b0bb31deaf0ecaf6e0a2562465f61b383"
dependencies = [
 "proc-macro2",
 "quote",
 "serde",
 "smallvec",
 "strck",
 "syn 2.0.118",
]

[[package]]
name = "displaydoc"
version = "0.2.6"
source = "registry+https://github.com/rust-lang/crates.io-index"
checksum = "1ac70aa55017e108007fbaf5aa0f54b021c98f92ff8af59d42eda9da96e3dd4f"
dependencies = [
 "proc-macro2",
 "quote",
 "syn 2.0.118",
]

[[package]]
name = "dragonbox_ecma"
version = "0.0.5"
source = "registry+https://github.com/rust-lang/crates.io-index"
checksum = "d742b56656e8b14d63e7ea9806597b1849ae25412584c8adf78c0f67bd985e66"

[[package]]
name = "either"
version = "1.16.0"
source = "registry+https://github.com/rust-lang/crates.io-index"
checksum = "91622ff5e7162018101f2fea40d6ebf4a78bbe5a49736a2020649edf9693679e"

[[package]]
name = "embedded-io"
version = "0.4.0"
source = "registry+https://github.com/rust-lang/crates.io-index"
checksum = "ef1a6892d9eef45c8fa6b9e0086428a2cca8491aca8f787c534a3d6d0bcb3ced"

[[package]]
name = "embedded-io"
version = "0.6.1"
source = "registry+https://github.com/rust-lang/crates.io-index"
checksum = "edd0f118536f44f5ccd48bcb8b111bdc3de888b58c74639dfb034a357d0f206d"

[[package]]
name = "equivalent"
version = "1.0.2"
source = "registry+https://github.com/rust-lang/crates.io-index"
checksum = "877a4ace8713b0bcf2a4e7eec82529c029f1d0619886d18145fea96c3ffe5c0f"

[[package]]
name = "fastrand"
version = "2.5.0"
source = "registry+https://github.com/rust-lang/crates.io-index"
checksum = "da7c62ceae207dd37ea5b845da6a0696c799f85e97da1ab5b7910be3c1c80223"

[[package]]
name = "find-msvc-tools"
version = "0.1.9"
source = "registry+https://github.com/rust-lang/crates.io-index"
checksum = "5baebc0774151f905a1a2cc41989300b1e6fbb29aff0ceffa1064fdd3088d582"

[[package]]
name = "flate2"
version = "1.1.9"
source = "registry+https://github.com/rust-lang/crates.io-index"
checksum = "843fba2746e448b37e26a819579957415c8cef339bf08564fe8b7ddbd959573c"
dependencies = [
 "crc32fast",
 "miniz_oxide",
]

[[package]]
name = "generic-array"
version = "0.14.7"
source = "registry+https://github.com/rust-lang/crates.io-index"
checksum = "85649ca51fd72272d7821adaf274ad91c288277713d9c18820d8499a7ff69e9a"
dependencies = [
 "typenum",
 "version_check",
]

[[package]]
name = "glob"
version = "0.3.3"
source = "registry+https://github.com/rust-lang/crates.io-index"
checksum = "0cc23270f6e1808e30a928bdc84dea0b9b4136a8bc82338574f23baf47bbd280"

[[package]]
name = "hashbrown"
version = "0.16.1"
source = "registry+https://github.com/rust-lang/crates.io-index"
checksum = "841d1cc9bed7f9236f321df977030373f4a4163ae1a7dbfe1a51a2c1a51d9100"
dependencies = [
 "allocator-api2",
]

[[package]]
name = "hashbrown"
version = "0.17.1"
source = "registry+https://github.com/rust-lang/crates.io-index"
checksum = "ed5909b6e89a2db4456e54cd5f673791d7eca6732202bbf2a9cc504fe2f9b84a"

[[package]]
name = "icu_calendar"
version = "2.2.1"
source = "registry+https://github.com/rust-lang/crates.io-index"
checksum = "a2b2acc6263f494f1df50685b53ff8e57869e47d5c6fe39c23d518ae9a4f3e45"
dependencies = [
 "calendrical_calculations",
 "displaydoc",
 "icu_calendar_data",
 "icu_locale",
 "icu_locale_core",
 "icu_provider",
 "tinystr",
 "zerovec",
]

[[package]]
name = "icu_calendar_data"
version = "2.2.0"
source = "registry+https://github.com/rust-lang/crates.io-index"
checksum = "118577bcf3a0fa7c6ac0a7d6e951814da84ee56b9b1f68fb4d8d10b08cefaf4d"

[[package]]
name = "icu_collator"
version = "2.2.1"
source = "registry+https://github.com/rust-lang/crates.io-index"
checksum = "8bbdf98e5e0aa827770acee171ebb568aaab975a36b56afdb5fd0e2f525750bb"
dependencies = [
 "icu_collator_data",
 "icu_collections",
 "icu_locale",
 "icu_locale_core",
 "icu_normalizer",
 "icu_properties",
 "icu_provider",
 "smallvec",
 "utf16_iter",
 "utf8_iter",
 "zerovec",
]

[[package]]
name = "icu_collator_data"
version = "2.2.0"
source = "registry+https://github.com/rust-lang/crates.io-index"
checksum = "038ed8e5817f2059c2f3efb0945ba78d060d3d25e8f1a1bea5139f821a21a2f0"

[[package]]
name = "icu_collections"
version = "2.2.0"
source = "registry+https://github.com/rust-lang/crates.io-index"
checksum = "2984d1cd16c883d7935b9e07e44071dca8d917fd52ecc02c04d5fa0b5a3f191c"
dependencies = [
 "displaydoc",
 "potential_utf",
 "utf8_iter",
 "yoke",
 "zerofrom",
 "zerovec",
]

[[package]]
name = "icu_locale"
version = "2.2.0"
source = "registry+https://github.com/rust-lang/crates.io-index"
checksum = "d5a396343c7208121dc86e35623d3dfe19814a7613cfd14964994cdc9c9a2e26"
dependencies = [
 "icu_collections",
 "icu_locale_core",
 "icu_locale_data",
 "icu_provider",
 "potential_utf",
 "tinystr",
 "zerovec",
]

[[package]]
name = "icu_locale_core"
version = "2.2.0"
source = "registry+https://github.com/rust-lang/crates.io-index"
checksum = "92219b62b3e2b4d88ac5119f8904c10f8f61bf7e95b640d25ba3075e6cac2c29"
dependencies = [
 "displaydoc",
 "litemap",
 "serde",
 "tinystr",
 "writeable",
 "zerovec",
]

[[package]]
name = "icu_locale_data"
version = "2.2.0"
source = "registry+https://github.com/rust-lang/crates.io-index"
checksum = "d5fdcc9ac77c6d74ff5cf6e65ef3181d6af32003b16fce3a77fb451d2f695993"

[[package]]
name = "icu_normalizer"
version = "2.2.0"
source = "registry+https://github.com/rust-lang/crates.io-index"
checksum = "c56e5ee99d6e3d33bd91c5d85458b6005a22140021cc324cea84dd0e72cff3b4"
dependencies = [
 "icu_collections",
 "icu_normalizer_data",
 "icu_properties",
 "icu_provider",
 "smallvec",
 "utf16_iter",
 "utf8_iter",
 "write16",
 "zerovec",
]

[[package]]
name = "icu_normalizer_data"
version = "2.2.0"
source = "registry+https://github.com/rust-lang/crates.io-index"
checksum = "da3be0ae77ea334f4da67c12f149704f19f81d1adf7c51cf482943e84a2bad38"

[[package]]
name = "icu_properties"
version = "2.2.0"
source = "registry+https://github.com/rust-lang/crates.io-index"
checksum = "bee3b67d0ea5c2cca5003417989af8996f8604e34fb9ddf96208a033901e70de"
dependencies = [
 "icu_collections",
 "icu_locale_core",
 "icu_properties_data",
 "icu_provider",
 "zerotrie",
 "zerovec",
]

[[package]]
name = "icu_properties_data"
version = "2.2.0"
source = "registry+https://github.com/rust-lang/crates.io-index"
checksum = "8e2bbb201e0c04f7b4b3e14382af113e17ba4f63e2c9d2ee626b720cbce54a14"

[[package]]
name = "icu_provider"
version = "2.2.0"
source = "registry+https://github.com/rust-lang/crates.io-index"
checksum = "139c4cf31c8b5f33d7e199446eff9c1e02decfc2f0eec2c8d71f65befa45b421"
dependencies = [
 "displaydoc",
 "icu_locale_core",
 "serde",
 "stable_deref_trait",
 "writeable",
 "yoke",
 "zerofrom",
 "zerotrie",
 "zerovec",
]

[[package]]
name = "indexmap"
version = "2.14.0"
source = "registry+https://github.com/rust-lang/crates.io-index"
checksum = "d466e9454f08e4a911e14806c24e16fba1b4c121d1ea474396f396069cf949d9"
dependencies = [
 "equivalent",
 "hashbrown 0.17.1",
]

[[package]]
name = "itertools"
version = "0.13.0"
source = "registry+https://github.com/rust-lang/crates.io-index"
checksum = "413ee7dfc52ee1a4949ceeb7dbc8a33f2d6c088194d9f922fb8318faf1f01186"
dependencies = [
 "either",
]

[[package]]
name = "itertools"
version = "0.14.0"
source = "registry+https://github.com/rust-lang/crates.io-index"
checksum = "2b192c782037fadd9cfa75548310488aabdbf3d2da73885b31bd0abd03351285"
dependencies = [
 "either",
]

[[package]]
name = "itoa"
version = "1.0.18"
source = "registry+https://github.com/rust-lang/crates.io-index"
checksum = "8f42a60cbdf9a97f5d2305f08a87dc4e09308d1276d28c869c684d7777685682"

[[package]]
name = "ixdtf"
version = "0.6.5"
source = "registry+https://github.com/rust-lang/crates.io-index"
checksum = "2ceaf4c6c48465bead8cb6a0b7c4ee0c86ecbb31239032b9c66ab9a08d2f3ee1"

[[package]]
name = "json-escape-simd"
version = "1.1.0"
source = "registry+https://github.com/rust-lang/crates.io-index"
checksum = "2a1f7d5786a4cb0f4e0f862b562a0e085b5bfa23a4f0dc05e7b823ed4e4d791f"
dependencies = [
 "anyhow",
]

[[package]]
name = "libc"
version = "0.2.186"
source = "registry+https://github.com/rust-lang/crates.io-index"
checksum = "68ab91017fe16c622486840e4c83c9a37afeff978bd239b5293d61ece587de66"

[[package]]
name = "libloading"
version = "0.8.9"
source = "registry+https://github.com/rust-lang/crates.io-index"
checksum = "d7c4b02199fee7c5d21a5ae7d8cfa79a6ef5bb2fc834d6e9058e89c825efdc55"
dependencies = [
 "cfg-if",
 "windows-link",
]

[[package]]
name = "libm"
version = "0.2.16"
source = "registry+https://github.com/rust-lang/crates.io-index"
checksum = "b6d2cec3eae94f9f509c767b45932f1ada8350c4bdb85af2fcab4a3c14807981"

[[package]]
name = "litemap"
version = "0.8.2"
source = "registry+https://github.com/rust-lang/crates.io-index"
checksum = "92daf443525c4cce67b150400bc2316076100ce0b3686209eb8cf3c31612e6f0"

[[package]]
name = "log"
version = "0.4.33"
source = "registry+https://github.com/rust-lang/crates.io-index"
checksum = "0ceec5bc11778974d1bcb055b18002eba7f4b3518b6a0081b3af5f21666da9ad"

[[package]]
name = "memchr"
version = "2.8.2"
source = "registry+https://github.com/rust-lang/crates.io-index"
checksum = "88904434abc2901f197fe8cc55f0445e7ded921dba5911dad2e2b39b48e663c4"

[[package]]
name = "minimal-lexical"
version = "0.2.1"
source = "registry+https://github.com/rust-lang/crates.io-index"
checksum = "68354c5c6bd36d73ff3feceb05efa59b6acb7626617f4962be322a825e61f79a"

[[package]]
name = "miniz_oxide"
version = "0.8.9"
source = "registry+https://github.com/rust-lang/crates.io-index"
checksum = "1fa76a2c86f704bdb222d66965fb3d63269ce38518b83cb0575fca855ebb6316"
dependencies = [
 "adler2",
 "simd-adler32",
]

[[package]]
name = "nom"
version = "7.1.3"
source = "registry+https://github.com/rust-lang/crates.io-index"
checksum = "d273983c5a657a70a3e8f2a01329822f3b8c8172b73826411a55751e404a0a4a"
dependencies = [
 "memchr",
 "minimal-lexical",
]

[[package]]
name = "nonmax"
version = "0.5.5"
source = "registry+https://github.com/rust-lang/crates.io-index"
checksum = "610a5acd306ec67f907abe5567859a3c693fb9886eb1f012ab8f2a47bef3db51"

[[package]]
name = "num-bigint"
version = "0.4.8"
source = "registry+https://github.com/rust-lang/crates.io-index"
checksum = "c89e69e7e0f03bea5ef08013795c25018e101932225a656383bd384495ecc367"
dependencies = [
 "num-integer",
 "num-traits",
]

[[package]]
name = "num-integer"
version = "0.1.46"
source = "registry+https://github.com/rust-lang/crates.io-index"
checksum = "7969661fd2958a5cb096e56c8e1ad0444ac2bbcd0061bd28660485a44879858f"
dependencies = [
 "num-traits",
]

[[package]]
name = "num-traits"
version = "0.2.19"
source = "registry+https://github.com/rust-lang/crates.io-index"
checksum = "071dfc062690e90b734c0b2273ce72ad0ffa95f0c74596bc250dcfd960262841"
dependencies = [
 "autocfg",
]

[[package]]
name = "outref"
version = "0.5.2"
source = "registry+https://github.com/rust-lang/crates.io-index"
checksum = "1a80800c0488c3a21695ea981a54918fbb37abf04f4d0720c453632255e2ff0e"

[[package]]
name = "owo-colors"
version = "4.3.0"
source = "registry+https://github.com/rust-lang/crates.io-index"
checksum = "d211803b9b6b570f68772237e415a029d5a50c65d382910b879fb19d3271f94d"

[[package]]
name = "oxc"
version = "0.90.0"
source = "registry+https://github.com/rust-lang/crates.io-index"
checksum = "c6552b4cea27da17acf5c1e896ead07ad970eceddfd71c7852ba696d2e5f9dea"
dependencies = [
 "oxc_allocator",
 "oxc_ast",
 "oxc_ast_visit",
 "oxc_codegen",
 "oxc_diagnostics",
 "oxc_parser",
 "oxc_semantic",
 "oxc_span",
 "oxc_syntax",
 "oxc_transformer",
 "oxc_transformer_plugins",
]

[[package]]
name = "oxc-browserslist"
version = "2.3.1"
source = "registry+https://github.com/rust-lang/crates.io-index"
checksum = "abb7a1163a5501f935f8722d839b576491b749c695e7a066aa0b8df988b806df"
dependencies = [
 "flate2",
 "postcard",
 "rustc-hash 2.1.3",
 "serde",
 "serde_json",
 "thiserror",
]

[[package]]
name = "oxc-miette"
version = "2.7.1"
source = "registry+https://github.com/rust-lang/crates.io-index"
checksum = "4356a61f2ed4c9b3610245215fbf48970eb277126919f87db9d0efa93a74245c"
dependencies = [
 "cfg-if",
 "owo-colors",
 "oxc-miette-derive",
 "textwrap",
 "thiserror",
 "unicode-segmentation",
 "unicode-width",
]

[[package]]
name = "oxc-miette-derive"
version = "2.7.1"
source = "registry+https://github.com/rust-lang/crates.io-index"
checksum = "b237422b014f8f8fff75bb9379e697d13f8d57551a22c88bebb39f073c1bf696"
dependencies = [
 "proc-macro2",
 "quote",
 "syn 2.0.118",
]

[[package]]
name = "oxc_allocator"
version = "0.90.0"
source = "registry+https://github.com/rust-lang/crates.io-index"
checksum = "3b810fad23016e9a2a64d3b09f72ead6035312164788715dedd79b223f95b059"
dependencies = [
 "allocator-api2",
 "bumpalo",
 "hashbrown 0.16.1",
 "oxc_data_structures",
 "rustc-hash 2.1.3",
]

[[package]]
name = "oxc_ast"
version = "0.90.0"
source = "registry+https://github.com/rust-lang/crates.io-index"
checksum = "1af40f244ac2215c43baeb5776412caf09777ab176ac49151f4ecb1f424d26b9"
dependencies = [
 "bitflags",
 "oxc_allocator",
 "oxc_ast_macros",
 "oxc_data_structures",
 "oxc_diagnostics",
 "oxc_estree",
 "oxc_regular_expression",
 "oxc_span",
 "oxc_syntax",
]

[[package]]
name = "oxc_ast_macros"
version = "0.90.0"
source = "registry+https://github.com/rust-lang/crates.io-index"
checksum = "04dced6af2266937211ef38e2e57d1f2ba2c380b7be13c856bb33dcd59aefedf"
dependencies = [
 "phf",
 "proc-macro2",
 "quote",
 "syn 2.0.118",
]

[[package]]
name = "oxc_ast_visit"
version = "0.90.0"
source = "registry+https://github.com/rust-lang/crates.io-index"
checksum = "bd60e51a6a2569b0a32a2703c37424c7daca1cff974960055cb643dd7eac8b1f"
dependencies = [
 "oxc_allocator",
 "oxc_ast",
 "oxc_span",
 "oxc_syntax",
]

[[package]]
name = "oxc_codegen"
version = "0.90.0"
source = "registry+https://github.com/rust-lang/crates.io-index"
checksum = "ee93207625b3bec356f87f1b1b10b417ca683b0eaa510ccf7f565d1c0078784e"
dependencies = [
 "bitflags",
 "cow-utils",
 "dragonbox_ecma",
 "itoa",
 "nonmax",
 "oxc_allocator",
 "oxc_ast",
 "oxc_data_structures",
 "oxc_index",
 "oxc_semantic",
 "oxc_sourcemap",
 "oxc_span",
 "oxc_syntax",
 "rustc-hash 2.1.3",
]

[[package]]
name = "oxc_data_structures"
version = "0.90.0"
source = "registry+https://github.com/rust-lang/crates.io-index"
checksum = "11226a027c0320b450943c1d5a0d1eba9079d15c3a9edfbab3ecd4c8fb03d4bf"
dependencies = [
 "ropey",
]

[[package]]
name = "oxc_diagnostics"
version = "0.90.0"
source = "registry+https://github.com/rust-lang/crates.io-index"
checksum = "880c30372eb360acfe377008f83a41bc391765b72c00a633f974ef9804282619"
dependencies = [
 "cow-utils",
 "oxc-miette",
 "percent-encoding",
]

[[package]]
name = "oxc_ecmascript"
version = "0.90.0"
source = "registry+https://github.com/rust-lang/crates.io-index"
checksum = "0e2d1f7ee0df2c512b9219b82504ed6e31d2b04c629c6173e2a3508fc623e422"
dependencies = [
 "cow-utils",
 "num-bigint",
 "num-traits",
 "oxc_allocator",
 "oxc_ast",
 "oxc_span",
 "oxc_syntax",
]

[[package]]
name = "oxc_estree"
version = "0.90.0"
source = "registry+https://github.com/rust-lang/crates.io-index"
checksum = "2c7288d04e52e326681027d44ea1b1545a6f4ab3392cb88a10dba93ebaaaa3f9"

[[package]]
name = "oxc_index"
version = "3.1.0"
source = "registry+https://github.com/rust-lang/crates.io-index"
checksum = "967ae797e1f284bd1385f2d8e8ab94293ad27f623c76839ecf66827521365f5b"

[[package]]
name = "oxc_parser"
version = "0.90.0"
source = "registry+https://github.com/rust-lang/crates.io-index"
checksum = "273778f7be75802da774d17a001c38e75d8387cfcfc2212a76c4625e266777a5"
dependencies = [
 "bitflags",
 "cow-utils",
 "memchr",
 "num-bigint",
 "num-traits",
 "oxc_allocator",
 "oxc_ast",
 "oxc_data_structures",
 "oxc_diagnostics",
 "oxc_ecmascript",
 "oxc_regular_expression",
 "oxc_span",
 "oxc_syntax",
 "rustc-hash 2.1.3",
 "seq-macro",
]

[[package]]
name = "oxc_regular_expression"
version = "0.90.0"
source = "registry+https://github.com/rust-lang/crates.io-index"
checksum = "79a5a3dc8e02a05bd8ccc3888f9ae0dbbcee7da9a677a1f3b7f86254907604ff"
dependencies = [
 "bitflags",
 "oxc_allocator",
 "oxc_ast_macros",
 "oxc_diagnostics",
 "oxc_span",
 "phf",
 "rustc-hash 2.1.3",
 "unicode-id-start",
]

[[package]]
name = "oxc_semantic"
version = "0.90.0"
source = "registry+https://github.com/rust-lang/crates.io-index"
checksum = "2357277e9ace9b086ded811f9fee3cf1bc943ea226cce4640d88578212937471"
dependencies = [
 "itertools 0.14.0",
 "oxc_allocator",
 "oxc_ast",
 "oxc_ast_visit",
 "oxc_data_structures",
 "oxc_diagnostics",
 "oxc_ecmascript",
 "oxc_index",
 "oxc_span",
 "oxc_syntax",
 "phf",
 "rustc-hash 2.1.3",
 "self_cell",
]

[[package]]
name = "oxc_sourcemap"
version = "4.2.1"
source = "registry+https://github.com/rust-lang/crates.io-index"
checksum = "05ff280f25901ac054ad8552395ecd6a455e4b9352a94debbc34c433760586ef"
dependencies = [
 "base64-simd",
 "json-escape-simd",
 "rustc-hash 2.1.3",
 "serde",
 "serde_json",
]

[[package]]
name = "oxc_span"
version = "0.90.0"
source = "registry+https://github.com/rust-lang/crates.io-index"
checksum = "96f74ab03fd114c4ed30011692cc602b2eed51c51ee0eef4d46ca3522adcb6b2"
dependencies = [
 "compact_str",
 "oxc-miette",
 "oxc_allocator",
 "oxc_ast_macros",
 "oxc_estree",
]

[[package]]
name = "oxc_syntax"
version = "0.90.0"
source = "registry+https://github.com/rust-lang/crates.io-index"
checksum = "1c0c41d429d7883b00cece42a1285e8ef40ed936d4342e378016b4b2daf4c3e6"
dependencies = [
 "bitflags",
 "cow-utils",
 "dragonbox_ecma",
 "nonmax",
 "oxc_allocator",
 "oxc_ast_macros",
 "oxc_data_structures",
 "oxc_estree",
 "oxc_index",
 "oxc_span",
 "phf",
 "rustc-hash 2.1.3",
 "unicode-id-start",
]

[[package]]
name = "oxc_transformer"
version = "0.90.0"
source = "registry+https://github.com/rust-lang/crates.io-index"
checksum = "82aa90c9581498123fd74daf52565e9d0c62f1d67d60aed8dd0073f71088fc97"
dependencies = [
 "base64",
 "compact_str",
 "cow-utils",
 "indexmap",
 "itoa",
 "memchr",
 "oxc-browserslist",
 "oxc_allocator",
 "oxc_ast",
 "oxc_ast_visit",
 "oxc_data_structures",
 "oxc_diagnostics",
 "oxc_ecmascript",
 "oxc_parser",
 "oxc_regular_expression",
 "oxc_semantic",
 "oxc_span",
 "oxc_syntax",
 "oxc_traverse",
 "rustc-hash 2.1.3",
 "serde",
 "serde_json",
 "sha1",
]

[[package]]
name = "oxc_transformer_plugins"
version = "0.90.0"
source = "registry+https://github.com/rust-lang/crates.io-index"
checksum = "28e878cea9ef14715c6f4b74d066ca594269e8067cf9065e38ac647f2e0b27e0"
dependencies = [
 "cow-utils",
 "itoa",
 "oxc_allocator",
 "oxc_ast",
 "oxc_ast_visit",
 "oxc_diagnostics",
 "oxc_ecmascript",
 "oxc_parser",
 "oxc_semantic",
 "oxc_span",
 "oxc_syntax",
 "oxc_transformer",
 "oxc_traverse",
 "rustc-hash 2.1.3",
]

[[package]]
name = "oxc_traverse"
version = "0.90.0"
source = "registry+https://github.com/rust-lang/crates.io-index"
checksum = "f07b8214fe517ad3ce302cca17d16d29f0a6cff3957df623c0f419801244d6a3"
dependencies = [
 "itoa",
 "oxc_allocator",
 "oxc_ast",
 "oxc_ast_visit",
 "oxc_data_structures",
 "oxc_ecmascript",
 "oxc_semantic",
 "oxc_span",
 "oxc_syntax",
 "rustc-hash 2.1.3",
]

[[package]]
name = "paste"
version = "1.0.15"
source = "registry+https://github.com/rust-lang/crates.io-index"
checksum = "57c0d7b74b563b49d38dae00a0c37d4d6de9b432382b2892f0574ddcae73fd0a"

[[package]]
name = "percent-encoding"
version = "2.3.2"
source = "registry+https://github.com/rust-lang/crates.io-index"
checksum = "9b4f627cb1b25917193a259e49bdad08f671f8d9708acfd5fe0a8c1455d87220"

[[package]]
name = "phf"
version = "0.13.1"
source = "registry+https://github.com/rust-lang/crates.io-index"
checksum = "c1562dc717473dbaa4c1f85a36410e03c047b2e7df7f45ee938fbef64ae7fadf"
dependencies = [
 "phf_macros",
 "phf_shared",
 "serde",
]

[[package]]
name = "phf_generator"
version = "0.13.1"
source = "registry+https://github.com/rust-lang/crates.io-index"
checksum = "135ace3a761e564ec88c03a77317a7c6b80bb7f7135ef2544dbe054243b89737"
dependencies = [
 "fastrand",
 "phf_shared",
]

[[package]]
name = "phf_macros"
version = "0.13.1"
source = "registry+https://github.com/rust-lang/crates.io-index"
checksum = "812f032b54b1e759ccd5f8b6677695d5268c588701effba24601f6932f8269ef"
dependencies = [
 "phf_generator",
 "phf_shared",
 "proc-macro2",
 "quote",
 "syn 2.0.118",
]

[[package]]
name = "phf_shared"
version = "0.13.1"
source = "registry+https://github.com/rust-lang/crates.io-index"
checksum = "e57fef6bc5981e38c2ce2d63bfa546861309f875b8a75f092d1d54ae2d64f266"
dependencies = [
 "siphasher",
]

[[package]]
name = "postcard"
version = "1.1.3"
source = "registry+https://github.com/rust-lang/crates.io-index"
checksum = "6764c3b5dd454e283a30e6dfe78e9b31096d9e32036b5d1eaac7a6119ccb9a24"
dependencies = [
 "cobs",
 "embedded-io 0.4.0",
 "embedded-io 0.6.1",
 "serde",
]

[[package]]
name = "potential_utf"
version = "0.1.5"
source = "registry+https://github.com/rust-lang/crates.io-index"
checksum = "0103b1cef7ec0cf76490e969665504990193874ea05c85ff9bab8b911d0a0564"
dependencies = [
 "serde_core",
 "writeable",
 "zerovec",
]

[[package]]
name = "prettyplease"
version = "0.2.37"
source = "registry+https://github.com/rust-lang/crates.io-index"
checksum = "479ca8adacdd7ce8f1fb39ce9ecccbfe93a3f1344b3d0d97f20bc0196208f62b"
dependencies = [
 "proc-macro2",
 "syn 2.0.118",
]

[[package]]
name = "proc-macro2"
version = "1.0.106"
source = "registry+https://github.com/rust-lang/crates.io-index"
checksum = "8fd00f0bb2e90d81d1044c2b32617f68fcb9fa3bb7640c23e9c748e53fb30934"
dependencies = [
 "unicode-ident",
]

[[package]]
name = "quote"
version = "1.0.46"
source = "registry+https://github.com/rust-lang/crates.io-index"
checksum = "dfbc457d0c7a0759a614551b11a6409e5951f6c7537be1f1b7682b9ae9230368"
dependencies = [
 "proc-macro2",
]

[[package]]
name = "regex"
version = "1.12.4"
source = "registry+https://github.com/rust-lang/crates.io-index"
checksum = "f1292b7759ae1cb9ec195452d1390a074f0cd8541ab7a5a8c31cd6db45d4a6ba"
dependencies = [
 "aho-corasick",
 "memchr",
 "regex-automata",
 "regex-syntax",
]

[[package]]
name = "regex-automata"
version = "0.4.14"
source = "registry+https://github.com/rust-lang/crates.io-index"
checksum = "6e1dd4122fc1595e8162618945476892eefca7b88c52820e74af6262213cae8f"
dependencies = [
 "aho-corasick",
 "memchr",
 "regex-syntax",
]

[[package]]
name = "regex-syntax"
version = "0.8.11"
source = "registry+https://github.com/rust-lang/crates.io-index"
checksum = "d6f6ff9a378485b298a5286656da665ba74413d36db0979633275d2e708145d4"

[[package]]
name = "resb"
version = "0.1.2"
source = "registry+https://github.com/rust-lang/crates.io-index"
checksum = "22d392791f3c6802a1905a509e9d1a6039cbbcb5e9e00e5a6d3661f7c874f390"
dependencies = [
 "potential_utf",
 "serde_core",
]

[[package]]
name = "ropey"
version = "1.6.1"
source = "registry+https://github.com/rust-lang/crates.io-index"
checksum = "93411e420bcd1a75ddd1dc3caf18c23155eda2c090631a85af21ba19e97093b5"
dependencies = [
 "smallvec",
 "str_indices",
]

[[package]]
name = "rustc-hash"
version = "1.1.0"
source = "registry+https://github.com/rust-lang/crates.io-index"
checksum = "08d43f7aa6b08d49f382cde6a7982047c3426db949b1424bc4b7ec9ae12c6ce2"

[[package]]
name = "rustc-hash"
version = "2.1.3"
source = "registry+https://github.com/rust-lang/crates.io-index"
checksum = "6b1e7f9a428571be2dc5bc0505c13fb6bf936822b894ec87abf8a08a4e51742d"

[[package]]
name = "rustversion"
version = "1.0.23"
source = "registry+https://github.com/rust-lang/crates.io-index"
checksum = "cf54715a573b99ac80df0bc206da022bcd442c974952c7b9720069370852e21f"

[[package]]
name = "ryu"
version = "1.0.23"
source = "registry+https://github.com/rust-lang/crates.io-index"
checksum = "9774ba4a74de5f7b1c1451ed6cd5285a32eddb5cccb8cc655a4e50009e06477f"

[[package]]
name = "self_cell"
version = "1.3.0"
source = "registry+https://github.com/rust-lang/crates.io-index"
checksum = "2ab42ca02749e120097e328d91d415325bdf43b1c72c4c8badf37375fe40a813"

[[package]]
name = "seq-macro"
version = "0.3.6"
source = "registry+https://github.com/rust-lang/crates.io-index"
checksum = "1bc711410fbe7399f390ca1c3b60ad0f53f80e95c5eb935e52268a0e2cd49acc"

[[package]]
name = "serde"
version = "1.0.228"
source = "registry+https://github.com/rust-lang/crates.io-index"
checksum = "9a8e94ea7f378bd32cbbd37198a4a91436180c5bb472411e48b5ec2e2124ae9e"
dependencies = [
 "serde_core",
 "serde_derive",
]

[[package]]
name = "serde_core"
version = "1.0.228"
source = "registry+https://github.com/rust-lang/crates.io-index"
checksum = "41d385c7d4ca58e59fc732af25c3983b67ac852c1a25000afe1175de458b67ad"
dependencies = [
 "serde_derive",
]

[[package]]
name = "serde_derive"
version = "1.0.228"
source = "registry+https://github.com/rust-lang/crates.io-index"
checksum = "d540f220d3187173da220f885ab66608367b6574e925011a9353e4badda91d79"
dependencies = [
 "proc-macro2",
 "quote",
 "syn 2.0.118",
]

[[package]]
name = "serde_json"
version = "1.0.151"
source = "registry+https://github.com/rust-lang/crates.io-index"
checksum = "c841b55ecdae098c80dcae9cf767f6f8a0c2cdb3416bbef72181df4d0fe73f14"
dependencies = [
 "itoa",
 "memchr",
 "serde",
 "serde_core",
 "zmij",
]

[[package]]
name = "sha1"
version = "0.10.7"
source = "registry+https://github.com/rust-lang/crates.io-index"
checksum = "a978451301f4db1d02937a4ab3ccce137717b81826e79b7d49ffe3244a13c3b8"
dependencies = [
 "cfg-if",
 "cpufeatures",
 "digest",
]

[[package]]
name = "shlex"
version = "1.3.0"
source = "registry+https://github.com/rust-lang/crates.io-index"
checksum = "0fda2ff0d084019ba4d7c6f371c95d8fd75ce3524c3cb8fb653a3023f6323e64"

[[package]]
name = "shlex"
version = "2.0.1"
source = "registry+https://github.com/rust-lang/crates.io-index"
checksum = "f8fadd59c855ef2080decdef8ff161eb6661b86933c9d82e5ba29dc602a55aba"

[[package]]
name = "simd-adler32"
version = "0.3.10"
source = "registry+https://github.com/rust-lang/crates.io-index"
checksum = "3a219298ac11a56ea9a6d2120044824d6f01aeb034955e7af7bc16858527deea"

[[package]]
name = "siphasher"
version = "1.0.3"
source = "registry+https://github.com/rust-lang/crates.io-index"
checksum = "8ee5873ec9cce0195efcb7a4e9507a04cd49aec9c83d0389df45b1ef7ba2e649"

[[package]]
name = "smallvec"
version = "1.15.2"
source = "registry+https://github.com/rust-lang/crates.io-index"
checksum = "8ed6a63f02c8539c91a8685a86f4099661ba3da017932f6ebbea6de3f0fa7c90"

[[package]]
name = "smawk"
version = "0.3.3"
source = "registry+https://github.com/rust-lang/crates.io-index"
checksum = "e8e2fb0f499abb4d162f2bedad68f5ef91a1682b5a03596ddb67efd37768d100"

[[package]]
name = "stable_deref_trait"
version = "1.2.1"
source = "registry+https://github.com/rust-lang/crates.io-index"
checksum = "6ce2be8dc25455e1f91df71bfa12ad37d7af1092ae736f3a6cd0e37bc7810596"

[[package]]
name = "static_assertions"
version = "1.1.0"
source = "registry+https://github.com/rust-lang/crates.io-index"
checksum = "a2eb9349b6444b326872e140eb1cf5e7c522154d69e7a0ffb0fb81c06b37543f"

[[package]]
name = "str_indices"
version = "0.4.4"
source = "registry+https://github.com/rust-lang/crates.io-index"
checksum = "d08889ec5408683408db66ad89e0e1f93dff55c73a4ccc71c427d5b277ee47e6"

[[package]]
name = "strck"
version = "1.0.0"
source = "registry+https://github.com/rust-lang/crates.io-index"
checksum = "42316e70da376f3d113a68d138a60d8a9883c604fe97942721ec2068dab13a9f"
dependencies = [
 "unicode-ident",
]

[[package]]
name = "syn"
version = "2.0.118"
source = "registry+https://github.com/rust-lang/crates.io-index"
checksum = "1b9ae57f904213ebb649ce6895b8a66c66f0203b9319718f69a5612a065b1422"
dependencies = [
 "proc-macro2",
 "quote",
 "unicode-ident",
]

[[package]]
name = "syn"
version = "3.0.3"
source = "registry+https://github.com/rust-lang/crates.io-index"
checksum = "53e9bae58849f64dfa4f5d5ae372c8341f7305f82a3868709269343628b659a3"
dependencies = [
 "proc-macro2",
 "quote",
 "unicode-ident",
]

[[package]]
name = "synstructure"
version = "0.13.2"
source = "registry+https://github.com/rust-lang/crates.io-index"
checksum = "728a70f3dbaf5bab7f0c4b1ac8d7ae5ea60a4b5549c8a5914361c99147a709d2"
dependencies = [
 "proc-macro2",
 "quote",
 "syn 2.0.118",
]

[[package]]
name = "temporal_capi"
version = "0.2.3"
source = "registry+https://github.com/rust-lang/crates.io-index"
checksum = "8a2a1f001e756a9f5f2d175a9965c4c0b3a054f09f30de3a75ab49765f2deb36"
dependencies = [
 "diplomat",
 "diplomat-runtime",
 "icu_calendar",
 "icu_locale_core",
 "num-traits",
 "temporal_rs",
 "timezone_provider",
 "writeable",
 "zoneinfo64",
]

[[package]]
name = "temporal_rs"
version = "0.2.3"
source = "registry+https://github.com/rust-lang/crates.io-index"
checksum = "9a902a45282e5175186b21d355efc92564601efe6e2d92818dc9e333d50bd4de"
dependencies = [
 "calendrical_calculations",
 "core_maths",
 "icu_calendar",
 "icu_locale_core",
 "ixdtf",
 "num-traits",
 "timezone_provider",
 "tinystr",
 "writeable",
]

[[package]]
name = "textwrap"
version = "0.16.2"
source = "registry+https://github.com/rust-lang/crates.io-index"
checksum = "c13547615a44dc9c452a8a534638acdf07120d4b6847c8178705da06306a3057"
dependencies = [
 "smawk",
 "unicode-linebreak",
 "unicode-width",
]

[[package]]
name = "thiserror"
version = "2.0.19"
source = "registry+https://github.com/rust-lang/crates.io-index"
checksum = "09a43598840e33d5b0331f38c5e30d13bb11c11210a4b58f0d9b18a5a5eefcd9"
dependencies = [
 "thiserror-impl",
]

[[package]]
name = "thiserror-impl"
version = "2.0.19"
source = "registry+https://github.com/rust-lang/crates.io-index"
checksum = "43cbfe0cf76104d42a574802844187e84a305e531ed54455f11fbde0f10541cd"
dependencies = [
 "proc-macro2",
 "quote",
 "syn 3.0.3",
]

[[package]]
name = "timezone_provider"
version = "0.2.3"
source = "registry+https://github.com/rust-lang/crates.io-index"
checksum = "c48f9b04628a2b813051e4dfe97c65281e49625eabd09ec343190e31e399a8c2"
dependencies = [
 "tinystr",
 "zerotrie",
 "zerovec",
 "zoneinfo64",
]

[[package]]
name = "tinystr"
version = "0.8.3"
source = "registry+https://github.com/rust-lang/crates.io-index"
checksum = "c8323304221c2a851516f22236c5722a72eaa19749016521d6dff0824447d96d"
dependencies = [
 "displaydoc",
 "serde_core",
 "zerovec",
]

[[package]]
name = "typenum"
version = "1.20.1"
source = "registry+https://github.com/rust-lang/crates.io-index"
checksum = "b6f5e870be6c3b371b77fe0ee0bafb859fa4964b4404c27de1d380043c4dda20"

[[package]]
name = "unicode-id-start"
version = "1.4.0"
source = "registry+https://github.com/rust-lang/crates.io-index"
checksum = "81b79ad29b5e19de4260020f8919b443b2ef0277d242ce532ec7b7a2cc8b6007"

[[package]]
name = "unicode-ident"
version = "1.0.24"
source = "registry+https://github.com/rust-lang/crates.io-index"
checksum = "e6e4313cd5fcd3dad5cafa179702e2b244f760991f45397d14d4ebf38247da75"

[[package]]
name = "unicode-linebreak"
version = "0.1.5"
source = "registry+https://github.com/rust-lang/crates.io-index"
checksum = "3b09c83c3c29d37506a3e260c08c03743a6bb66a9cd432c6934ab501a190571f"

[[package]]
name = "unicode-segmentation"
version = "1.13.3"
source = "registry+https://github.com/rust-lang/crates.io-index"
checksum = "c6f5d3c3b1bf09027a88a6bc961fc00497d651009560b5463668dc81b0fa87a8"

[[package]]
name = "unicode-width"
version = "0.2.2"
source = "registry+https://github.com/rust-lang/crates.io-index"
checksum = "b4ac048d71ede7ee76d585517add45da530660ef4390e49b098733c6e897f254"

[[package]]
name = "utf16_iter"
version = "1.0.5"
source = "registry+https://github.com/rust-lang/crates.io-index"
checksum = "c8232dd3cdaed5356e0f716d285e4b40b932ac434100fe9b7e0e8e935b9e6246"

[[package]]
name = "utf8_iter"
version = "1.0.4"
source = "registry+https://github.com/rust-lang/crates.io-index"
checksum = "b6c140620e7ffbb22c2dee59cafe6084a59b5ffc27a8859a5f0d494b5d52b6be"

[[package]]
name = "v8x"
version = "149.4.0-rc.1"
dependencies = [
 "align-data",
 "bindgen",
 "bitflags",
 "bytes",
 "cc",
 "icu_collator",
 "icu_locale",
 "oxc",
 "paste",
 "temporal_capi",
 "temporal_rs",
 "timezone_provider",
]

[[package]]
name = "version_check"
version = "0.9.5"
source = "registry+https://github.com/rust-lang/crates.io-index"
checksum = "0b928f33d975fc6ad9f86c8f283853ad26bdd5b10b7f1542aa2fa15e2289105a"

[[package]]
name = "vsimd"
version = "0.8.0"
source = "registry+https://github.com/rust-lang/crates.io-index"
checksum = "5c3082ca00d5a5ef149bb8b555a72ae84c9c59f7250f013ac822ac2e49b19c64"

[[package]]
name = "windows-link"
version = "0.2.1"
source = "registry+https://github.com/rust-lang/crates.io-index"
checksum = "f0805222e57f7521d6a62e36fa9163bc891acd422f971defe97d64e70d0a4fe5"

[[package]]
name = "write16"
version = "1.0.0"
source = "registry+https://github.com/rust-lang/crates.io-index"
checksum = "d1890f4022759daae28ed4fe62859b1236caebfc61ede2f63ed4e695f3f6d936"

[[package]]
name = "writeable"
version = "0.6.3"
source = "registry+https://github.com/rust-lang/crates.io-index"
checksum = "1ffae5123b2d3fc086436f8834ae3ab053a283cfac8fe0a0b8eaae044768a4c4"

[[package]]
name = "yoke"
version = "0.8.3"
source = "registry+https://github.com/rust-lang/crates.io-index"
checksum = "709fe23a0424b6a435d82152b1bd3fdfb0833487d5fa90d05d42762a9891fef5"
dependencies = [
 "stable_deref_trait",
 "yoke-derive",
 "zerofrom",
]

[[package]]
name = "yoke-derive"
version = "0.8.2"
source = "registry+https://github.com/rust-lang/crates.io-index"
checksum = "de844c262c8848816172cef550288e7dc6c7b7814b4ee56b3e1553f275f1858e"
dependencies = [
 "proc-macro2",
 "quote",
 "syn 2.0.118",
 "synstructure",
]

[[package]]
name = "zerofrom"
version = "0.1.8"
source = "registry+https://github.com/rust-lang/crates.io-index"
checksum = "0ec05a11813ea801ff6d75110ad09cd0824ddba17dfe17128ea0d5f68e6c5272"
dependencies = [
 "zerofrom-derive",
]

[[package]]
name = "zerofrom-derive"
version = "0.1.7"
source = "registry+https://github.com/rust-lang/crates.io-index"
checksum = "11532158c46691caf0f2593ea8358fed6bbf68a0315e80aae9bd41fbade684a1"
dependencies = [
 "proc-macro2",
 "quote",
 "syn 2.0.118",
 "synstructure",
]

[[package]]
name = "zerotrie"
version = "0.2.4"
source = "registry+https://github.com/rust-lang/crates.io-index"
checksum = "0f9152d31db0792fa83f70fb2f83148effb5c1f5b8c7686c3459e361d9bc20bf"
dependencies = [
 "displaydoc",
 "yoke",
 "zerofrom",
 "zerovec",
]

[[package]]
name = "zerovec"
version = "0.11.6"
source = "registry+https://github.com/rust-lang/crates.io-index"
checksum = "90f911cbc359ab6af17377d242225f4d75119aec87ea711a880987b18cd7b239"
dependencies = [
 "serde",
 "yoke",
 "zerofrom",
 "zerovec-derive",
]

[[package]]
name = "zerovec-derive"
version = "0.11.3"
source = "registry+https://github.com/rust-lang/crates.io-index"
checksum = "625dc425cab0dca6dc3c3319506e6593dcb08a9f387ea3b284dbd52a92c40555"
dependencies = [
 "proc-macro2",
 "quote",
 "syn 2.0.118",
]

[[package]]
name = "zmij"
version = "1.0.23"
source = "registry+https://github.com/rust-lang/crates.io-index"
checksum = "29666d0abbfad1e3dc4dcf6144730dd3a3ab225bbbdac83319345b1b44ccfc1b"

[[package]]
name = "zoneinfo64"
version = "0.3.0"
source = "registry+https://github.com/rust-lang/crates.io-index"
checksum = "ed6eb2607e906160c457fd573e9297e65029669906b9ac8fb1b5cd5e055f0705"
dependencies = [
 "calendrical_calculations",
 "icu_locale_core",
 "potential_utf",
 "resb",
 "serde",
]
